
Microsoft Visual Studio Solution File, Format Version 12.00
# Visual Studio 15
VisualStudioVersion = 15.0.28307.779
MinimumVisualStudioVersion = 10.0.40219.1
Project("{FAE04EC0-301F-11D3-BF4B-00C04F79EFBC}") = "SectionExporter", "SectionExporter\SectionExporter.csproj", "{8C6A8D2F-D23B-4A49-B070-E27002CE81B8}"
EndProject
Global
	GlobalSection(SolutionConfigurationPlatforms) = preSolution
		Debug|Any CPU = Debug|Any CPU
		Release|Any CPU = Release|Any CPU
	EndGlobalSection
	GlobalSection(ProjectConfigurationPlatforms) = postSolution
		{8C6A8D2F-D23B-4A49-B070-E27002CE81B8}.Debug|Any CPU.ActiveCfg = Debug|Any CPU
		{8C6A8D2F-D23B-4A49-B070-E27002CE81B8}.Debug|Any CPU.Build.0 = Debug|Any CPU
		{8C6A8D2F-D23B-4A49-B070-E27002CE81B8}.Release|Any CPU.ActiveCfg = Release|Any CPU
		{8C6A8D2F-D23B-4A49-B070-E27002CE81B8}.Release|Any CPU.Build.0 = Release|Any CPU
	EndGlobalSection
	GlobalSection(SolutionProperties) = preSolution
		HideSolutionNode = FALSE
	EndGlobalSection
	GlobalSection(ExtensibilityGlobals) = postSolution
		SolutionGuid = {2142417B-927B-4468-867B-80109C3D8A7A}
	EndGlobalSection
EndGlobal
